Microsoft Visual Studio Solution File, Format Version 12.00
# Visual Studio Version 16
VisualStudioVersion = 16.0.33214.272
MinimumVisualStudioVersion = 10.0.40219.1
Project("{FAE04EC0-301F-11D3-BF4B-00C04F79EFBC}") = "FirstAntColony", "FirstAntColony.csproj", "{549407A5-CC39-4F06-8A57-D0D1B30A3450}"
EndProject
Global
	GlobalSection(SolutionConfigurationPlatforms) = preSolution
		Debug|Any CPU = Debug|Any CPU
		Release|Any CPU = Release|Any CPU
	EndGlobalSection
	GlobalSection(ProjectConfigurationPlatforms) = postSolution
		{549407A5-CC39-4F06-8A57-D0D1B30A3450}.Debug|Any CPU.ActiveCfg = Debug|Any CPU
		{549407A5-CC39-4F06-8A57-D0D1B30A3450}.Debug|Any CPU.Build.0 = Debug|Any CPU
		{549407A5-CC39-4F06-8A57-D0D1B30A3450}.Release|Any CPU.ActiveCfg = Release|Any CPU
		{549407A5-CC39-4F06-8A57-D0D1B30A3450}.Release|Any CPU.Build.0 = Release|Any CPU
	EndGlobalSection
	GlobalSection(SolutionProperties) = preSolution
		HideSolutionNode = FALSE
	EndGlobalSection
	GlobalSection(ExtensibilityGlobals) = postSolution
		SolutionGuid = {6401E539-1936-45A9-9828-E8B9D0E530AA}
	EndGlobalSection
EndGlobal
